
Microsoft Visual Studio Solution File, Format Version 12.00
# Visual Studio Version 17
VisualStudioVersion = 17.0.32014.148
MinimumVisualStudioVersion = 10.0.40219.1
Project("{FAE04EC0-301F-11D3-BF4B-00C04F79EFBC}") = "VSZipper", "VSZipper\VSZipper.csproj", "{9B223B09-4B31-49B1-8B06-C0423FD19817}"
EndProject
Global
	GlobalSection(SolutionConfigurationPlatforms) = preSolution
		Debug|Any CPU = Debug|Any CPU
		Release|Any CPU = Release|Any CPU
	EndGlobalSection
	GlobalSection(ProjectConfigurationPlatforms) = postSolution
		{9B223B09-4B31-49B1-8B06-C0423FD19817}.Debug|Any CPU.ActiveCfg = Debug|Any CPU
		{9B223B09-4B31-49B1-8B06-C0423FD19817}.Debug|Any CPU.Build.0 = Debug|Any CPU
		{9B223B09-4B31-49B1-8B06-C0423FD19817}.Release|Any CPU.ActiveCfg = Release|Any CPU
		{9B223B09-4B31-49B1-8B06-C0423FD19817}.Release|Any CPU.Build.0 = Release|Any CPU
	EndGlobalSection
	GlobalSection(SolutionProperties) = preSolution
		HideSolutionNode = FALSE
	EndGlobalSection
	GlobalSection(ExtensibilityGlobals) = postSolution
		SolutionGuid = {02B8554B-8F82-44C1-BC2A-3FB28C56B870}
	EndGlobalSection
EndGlobal
